
Microsoft Visual Studio Solution File, Format Version 12.00
# Visual Studio Version 17
VisualStudioVersion = 17.5.2.0
MinimumVisualStudioVersion = 10.0.40219.1
Project("{2150E333-8FDC-42A3-9474-1A3956D46DE8}") = "Stage_1", "Stage_1", "{997E9DEC-F1FE-CD78-B12A-61BEFB1BEA5F}"
EndProject
Project("{FAE04EC0-301F-11D3-BF4B-00C04F79EFBC}") = "Week_1", "Stage_1\Week_1\Week_1.csproj", "{58DE0A7A-9F0B-79CF-7CA9-7C80E76F33AE}"
EndProject
Project("{2150E333-8FDC-42A3-9474-1A3956D46DE8}") = "Week_3", "Week_3", "{AB585EE7-7842-FB18-3B31-06BC59A5B666}"
EndProject
Project("{FAE04EC0-301F-11D3-BF4B-00C04F79EFBC}") = "Abstraction", "Stage_1\Week_3\Abstraction\Abstraction.csproj", "{73494CD9-9B0B-4EDA-ADA8-8BC1E1E8EEFE}"
EndProject
Global
	GlobalSection(SolutionConfigurationPlatforms) = preSolution
		Debug|Any CPU = Debug|Any CPU
		Debug|x64 = Debug|x64
		Debug|x86 = Debug|x86
		Release|Any CPU = Release|Any CPU
		Release|x64 = Release|x64
		Release|x86 = Release|x86
	EndGlobalSection
	GlobalSection(ProjectConfigurationPlatforms) = postSolution
		{58DE0A7A-9F0B-79CF-7CA9-7C80E76F33AE}.Debug|Any CPU.ActiveCfg = Debug|Any CPU
		{58DE0A7A-9F0B-79CF-7CA9-7C80E76F33AE}.Debug|Any CPU.Build.0 = Debug|Any CPU
		{58DE0A7A-9F0B-79CF-7CA9-7C80E76F33AE}.Debug|x64.ActiveCfg = Debug|Any CPU
		{58DE0A7A-9F0B-79CF-7CA9-7C80E76F33AE}.Debug|x64.Build.0 = Debug|Any CPU
		{58DE0A7A-9F0B-79CF-7CA9-7C80E76F33AE}.Debug|x86.ActiveCfg = Debug|Any CPU
		{58DE0A7A-9F0B-79CF-7CA9-7C80E76F33AE}.Debug|x86.Build.0 = Debug|Any CPU
		{58DE0A7A-9F0B-79CF-7CA9-7C80E76F33AE}.Release|Any CPU.ActiveCfg = Release|Any CPU
		{58DE0A7A-9F0B-79CF-7CA9-7C80E76F33AE}.Release|Any CPU.Build.0 = Release|Any CPU
		{58DE0A7A-9F0B-79CF-7CA9-7C80E76F33AE}.Release|x64.ActiveCfg = Release|Any CPU
		{58DE0A7A-9F0B-79CF-7CA9-7C80E76F33AE}.Release|x64.Build.0 = Release|Any CPU
		{58DE0A7A-9F0B-79CF-7CA9-7C80E76F33AE}.Release|x86.ActiveCfg = Release|Any CPU
		{58DE0A7A-9F0B-79CF-7CA9-7C80E76F33AE}.Release|x86.Build.0 = Release|Any CPU
		{73494CD9-9B0B-4EDA-ADA8-8BC1E1E8EEFE}.Debug|Any CPU.ActiveCfg = Debug|Any CPU
		{73494CD9-9B0B-4EDA-ADA8-8BC1E1E8EEFE}.Debug|Any CPU.Build.0 = Debug|Any CPU
		{73494CD9-9B0B-4EDA-ADA8-8BC1E1E8EEFE}.Debug|x64.ActiveCfg = Debug|Any CPU
		{73494CD9-9B0B-4EDA-ADA8-8BC1E1E8EEFE}.Debug|x64.Build.0 = Debug|Any CPU
		{73494CD9-9B0B-4EDA-ADA8-8BC1E1E8EEFE}.Debug|x86.ActiveCfg = Debug|Any CPU
		{73494CD9-9B0B-4EDA-ADA8-8BC1E1E8EEFE}.Debug|x86.Build.0 = Debug|Any CPU
		{73494CD9-9B0B-4EDA-ADA8-8BC1E1E8EEFE}.Release|Any CPU.ActiveCfg = Release|Any CPU
		{73494CD9-9B0B-4EDA-ADA8-8BC1E1E8EEFE}.Release|Any CPU.Build.0 = Release|Any CPU
		{73494CD9-9B0B-4EDA-ADA8-8BC1E1E8EEFE}.Release|x64.ActiveCfg = Release|Any CPU
		{73494CD9-9B0B-4EDA-ADA8-8BC1E1E8EEFE}.Release|x64.Build.0 = Release|Any CPU
		{73494CD9-9B0B-4EDA-ADA8-8BC1E1E8EEFE}.Release|x86.ActiveCfg = Release|Any CPU
		{73494CD9-9B0B-4EDA-ADA8-8BC1E1E8EEFE}.Release|x86.Build.0 = Release|Any CPU
	EndGlobalSection
	GlobalSection(SolutionProperties) = preSolution
		HideSolutionNode = FALSE
	EndGlobalSection
	GlobalSection(NestedProjects) = preSolution
		{58DE0A7A-9F0B-79CF-7CA9-7C80E76F33AE} = {997E9DEC-F1FE-CD78-B12A-61BEFB1BEA5F}
		{AB585EE7-7842-FB18-3B31-06BC59A5B666} = {997E9DEC-F1FE-CD78-B12A-61BEFB1BEA5F}
		{73494CD9-9B0B-4EDA-ADA8-8BC1E1E8EEFE} = {AB585EE7-7842-FB18-3B31-06BC59A5B666}
	EndGlobalSection
	GlobalSection(ExtensibilityGlobals) = postSolution
		SolutionGuid = {CA27A330-2CD6-4D54-BB53-3EC42DDD1849}
	EndGlobalSection
EndGlobal
